<?xml version="1.0" encoding="utf-8"?>
<Project ToolsVersion="4.0" xmlns="http://schemas.microsoft.com/developer/msbuild/2003">
  <ItemGroup>
    <ClCompile Include="Project_game.cpp" />
  </ItemGroup>
  <ItemGroup>
    <None Include="..\ОтчётКТ1.md" />
    <None Include="ОтчётКТ1.md" />
    <None Include="ОтчётКТ2.md" />
  </ItemGroup>
  <ItemGroup>
    <Text Include="English_5.txt">
      <Filter>dicitonaries</Filter>
    </Text>
    <Text Include="English_6.txt">
      <Filter>dicitonaries</Filter>
    </Text>
    <Text Include="English_7.txt">
      <Filter>dicitonaries</Filter>
    </Text>
    <Text Include="Russian_5.txt">
      <Filter>dicitonaries</Filter>
    </Text>
    <Text Include="Russian_6.txt">
      <Filter>dicitonaries</Filter>
    </Text>
    <Text Include="Russian_7.txt">
      <Filter>dicitonaries</Filter>
    </Text>
  </ItemGroup>
  <ItemGroup>
    <Filter Include="dicitonaries">
      <UniqueIdentifier>{db4e057d-4493-4fc3-ae0c-722a45e6918a}</UniqueIdentifier>
    </Filter>
  </ItemGroup>
</Project>